
Microsoft Visual Studio Solution File, Format Version 12.00
# Visual Studio 15
Project("{FAE04EC0-301F-11D3-BF4B-00C04F79EFBC}") = "Unity.Timeline", "Unity.Timeline.csproj", "{72AD7D47-A79F-7EB0-3C8B-E91E1AC838BB}"
EndProject
Project("{FAE04EC0-301F-11D3-BF4B-00C04F79EFBC}") = "Unity.Timeline.Editor", "Unity.Timeline.Editor.csproj", "{F8D45A3A-BA8C-6E91-71D5-E3145E29DDD7}"
EndProject
Project("{FAE04EC0-301F-11D3-BF4B-00C04F79EFBC}") = "Unity.TextMeshPro.Editor", "Unity.TextMeshPro.Editor.csproj", "{EF4EA0AA-2846-DEC8-D738-AA9CDD0F1B83}"
EndProject
Project("{FAE04EC0-301F-11D3-BF4B-00C04F79EFBC}") = "Unity.VisualScripting.Flow", "Unity.VisualScripting.Flow.csproj", "{4B618304-B7CC-0952-2549-B6C77FBB56CE}"
EndProject
Project("{FAE04EC0-301F-11D3-BF4B-00C04F79EFBC}") = "Assembly-CSharp", "Assembly-CSharp.csproj", "{31AD388B-C784-E6A9-6623-C98C64A356D6}"
EndProject
Project("{FAE04EC0-301F-11D3-BF4B-00C04F79EFBC}") = "Unity.PlasticSCM.Editor", "Unity.PlasticSCM.Editor.csproj", "{BC30FB5A-59BE-CA81-BD98-61EE49033DB9}"
EndProject
Project("{FAE04EC0-301F-11D3-BF4B-00C04F79EFBC}") = "Unity.VisualScripting.Core", "Unity.VisualScripting.Core.csproj", "{3A073C81-2185-7F7B-4CC8-CBEBA3B60683}"
EndProject
Project("{FAE04EC0-301F-11D3-BF4B-00C04F79EFBC}") = "Unity.Mathematics", "Unity.Mathematics.csproj", "{09C8EAE6-6776-078D-1AB2-FF98F593A061}"
EndProject
Project("{FAE04EC0-301F-11D3-BF4B-00C04F79EFBC}") = "Unity.VisualScripting.Core.Editor", "Unity.VisualScripting.Core.Editor.csproj", "{C5275C06-76C5-59E8-5F8C-68432D3D4E5F}"
EndProject
Project("{FAE04EC0-301F-11D3-BF4B-00C04F79EFBC}") = "Unity.VisualScripting.Flow.Editor", "Unity.VisualScripting.Flow.Editor.csproj", "{C506C2DC-D97B-BF9E-3D27-9FEC055B66B5}"
EndProject
Project("{FAE04EC0-301F-11D3-BF4B-00C04F79EFBC}") = "UnityEditor.TestRunner", "UnityEditor.TestRunner.csproj", "{EB0AFDED-BEF7-B636-D833-0C092B8AD605}"
EndProject
Project("{FAE04EC0-301F-11D3-BF4B-00C04F79EFBC}") = "Unity.VisualScripting.SettingsProvider.Editor", "Unity.VisualScripting.SettingsProvider.Editor.csproj", "{1394002B-19D8-BC4A-1EE5-B29EF3FD5C09}"
EndProject
Project("{FAE04EC0-301F-11D3-BF4B-00C04F79EFBC}") = "UnityEngine.TestRunner", "UnityEngine.TestRunner.csproj", "{7883C4C4-C1FF-5ED3-8546-1955757DDE93}"
EndProject
Project("{FAE04EC0-301F-11D3-BF4B-00C04F79EFBC}") = "Unity.Searcher.Editor", "Unity.Searcher.Editor.csproj", "{DC419E9A-055C-69D0-E216-0D033416C7E1}"
EndProject
Project("{FAE04EC0-301F-11D3-BF4B-00C04F79EFBC}") = "Unity.Burst", "Unity.Burst.csproj", "{678DF0B9-11F8-FA58-203E-F19DF7EFCD79}"
EndProject
Project("{FAE04EC0-301F-11D3-BF4B-00C04F79EFBC}") = "Unity.VisualStudio.Editor", "Unity.VisualStudio.Editor.csproj", "{E01D665C-B372-0CC9-CEE2-DE519674BAA8}"
EndProject
Project("{FAE04EC0-301F-11D3-BF4B-00C04F79EFBC}") = "Unity.Rider.Editor", "Unity.Rider.Editor.csproj", "{86DBC8C2-AF09-B933-31C9-B588BBE7337B}"
EndProject
Project("{FAE04EC0-301F-11D3-BF4B-00C04F79EFBC}") = "Unity.VisualScripting.State.Editor", "Unity.VisualScripting.State.Editor.csproj", "{78AF2618-C4D6-5AFE-578D-EAB69E13DCF9}"
EndProject
Project("{FAE04EC0-301F-11D3-BF4B-00C04F79EFBC}") = "Unity.Burst.CodeGen", "Unity.Burst.CodeGen.csproj", "{4B8DDE77-CF15-CEA6-DF5F-CF30F0DC8D8D}"
EndProject
Project("{FAE04EC0-301F-11D3-BF4B-00C04F79EFBC}") = "Unity.VisualScripting.State", "Unity.VisualScripting.State.csproj", "{06416867-64C4-9642-E9C6-5660958D02EC}"
EndProject
Project("{FAE04EC0-301F-11D3-BF4B-00C04F79EFBC}") = "Unity.TextMeshPro", "Unity.TextMeshPro.csproj", "{ACF7413B-FBB2-2EA0-AA56-21FCD0165067}"
EndProject
Project("{FAE04EC0-301F-11D3-BF4B-00C04F79EFBC}") = "Unity.VSCode.Editor", "Unity.VSCode.Editor.csproj", "{C1C9E5F5-6167-BDBE-AA25-B445FA49A4BB}"
EndProject
Project("{FAE04EC0-301F-11D3-BF4B-00C04F79EFBC}") = "Unity.Burst.Editor", "Unity.Burst.Editor.csproj", "{A60B9150-8125-2A6E-D6DE-31EC83CE6454}"
EndProject
Project("{FAE04EC0-301F-11D3-BF4B-00C04F79EFBC}") = "Unity.Mathematics.Editor", "Unity.Mathematics.Editor.csproj", "{04AF700B-5AEE-E5AE-23FE-A3160CEB6FE8}"
EndProject
Project("{FAE04EC0-301F-11D3-BF4B-00C04F79EFBC}") = "Unity.VisualScripting.Shared.Editor", "Unity.VisualScripting.Shared.Editor.csproj", "{435F099D-E14D-1C97-D55D-27C1C0580AD1}"
EndProject
Project("{FAE04EC0-301F-11D3-BF4B-00C04F79EFBC}") = "Unity.CollabProxy.Editor", "Unity.CollabProxy.Editor.csproj", "{9AF368A5-9D61-81B7-A4A9-CC1E1999D1CC}"
EndProject
Global
	GlobalSection(SolutionConfigurationPlatforms) = preSolution
		Debug|Any CPU = Debug|Any CPU
		Release|Any CPU = Release|Any CPU
	EndGlobalSection
	GlobalSection(ProjectConfigurationPlatforms) = postSolution
		{72AD7D47-A79F-7EB0-3C8B-E91E1AC838BB}.Debug|Any CPU.ActiveCfg = Debug|Any CPU
		{72AD7D47-A79F-7EB0-3C8B-E91E1AC838BB}.Debug|Any CPU.Build.0 = Debug|Any CPU
		{72AD7D47-A79F-7EB0-3C8B-E91E1AC838BB}.Release|Any CPU.ActiveCfg = Release|Any CPU
		{72AD7D47-A79F-7EB0-3C8B-E91E1AC838BB}.Release|Any CPU.Build.0 = Release|Any CPU
		{F8D45A3A-BA8C-6E91-71D5-E3145E29DDD7}.Debug|Any CPU.ActiveCfg = Debug|Any CPU
		{F8D45A3A-BA8C-6E91-71D5-E3145E29DDD7}.Debug|Any CPU.Build.0 = Debug|Any CPU
		{F8D45A3A-BA8C-6E91-71D5-E3145E29DDD7}.Release|Any CPU.ActiveCfg = Release|Any CPU
		{F8D45A3A-BA8C-6E91-71D5-E3145E29DDD7}.Release|Any CPU.Build.0 = Release|Any CPU
		{EF4EA0AA-2846-DEC8-D738-AA9CDD0F1B83}.Debug|Any CPU.ActiveCfg = Debug|Any CPU
		{EF4EA0AA-2846-DEC8-D738-AA9CDD0F1B83}.Debug|Any CPU.Build.0 = Debug|Any CPU
		{EF4EA0AA-2846-DEC8-D738-AA9CDD0F1B83}.Release|Any CPU.ActiveCfg = Release|Any CPU
		{EF4EA0AA-2846-DEC8-D738-AA9CDD0F1B83}.Release|Any CPU.Build.0 = Release|Any CPU
		{4B618304-B7CC-0952-2549-B6C77FBB56CE}.Debug|Any CPU.ActiveCfg = Debug|Any CPU
		{4B618304-B7CC-0952-2549-B6C77FBB56CE}.Debug|Any CPU.Build.0 = Debug|Any CPU
		{4B618304-B7CC-0952-2549-B6C77FBB56CE}.Release|Any CPU.ActiveCfg = Release|Any CPU
		{4B618304-B7CC-0952-2549-B6C77FBB56CE}.Release|Any CPU.Build.0 = Release|Any CPU
		{31AD388B-C784-E6A9-6623-C98C64A356D6}.Debug|Any CPU.ActiveCfg = Debug|Any CPU
		{31AD388B-C784-E6A9-6623-C98C64A356D6}.Debug|Any CPU.Build.0 = Debug|Any CPU
		{31AD388B-C784-E6A9-6623-C98C64A356D6}.Release|Any CPU.ActiveCfg = Release|Any CPU
		{31AD388B-C784-E6A9-6623-C98C64A356D6}.Release|Any CPU.Build.0 = Release|Any CPU
		{BC30FB5A-59BE-CA81-BD98-61EE49033DB9}.Debug|Any CPU.ActiveCfg = Debug|Any CPU
		{BC30FB5A-59BE-CA81-BD98-61EE49033DB9}.Debug|Any CPU.Build.0 = Debug|Any CPU
		{BC30FB5A-59BE-CA81-BD98-61EE49033DB9}.Release|Any CPU.ActiveCfg = Release|Any CPU
		{BC30FB5A-59BE-CA81-BD98-61EE49033DB9}.Release|Any CPU.Build.0 = Release|Any CPU
		{3A073C81-2185-7F7B-4CC8-CBEBA3B60683}.Debug|Any CPU.ActiveCfg = Debug|Any CPU
		{3A073C81-2185-7F7B-4CC8-CBEBA3B60683}.Debug|Any CPU.Build.0 = Debug|Any CPU
		{3A073C81-2185-7F7B-4CC8-CBEBA3B60683}.Release|Any CPU.ActiveCfg = Release|Any CPU
		{3A073C81-2185-7F7B-4CC8-CBEBA3B60683}.Release|Any CPU.Build.0 = Release|Any CPU
		{09C8EAE6-6776-078D-1AB2-FF98F593A061}.Debug|Any CPU.ActiveCfg = Debug|Any CPU
		{09C8EAE6-6776-078D-1AB2-FF98F593A061}.Debug|Any CPU.Build.0 = Debug|Any CPU
		{09C8EAE6-6776-078D-1AB2-FF98F593A061}.Release|Any CPU.ActiveCfg = Release|Any CPU
		{09C8EAE6-6776-078D-1AB2-FF98F593A061}.Release|Any CPU.Build.0 = Release|Any CPU
		{C5275C06-76C5-59E8-5F8C-68432D3D4E5F}.Debug|Any CPU.ActiveCfg = Debug|Any CPU
		{C5275C06-76C5-59E8-5F8C-68432D3D4E5F}.Debug|Any CPU.Build.0 = Debug|Any CPU
		{C5275C06-76C5-59E8-5F8C-68432D3D4E5F}.Release|Any CPU.ActiveCfg = Release|Any CPU
		{C5275C06-76C5-59E8-5F8C-68432D3D4E5F}.Release|Any CPU.Build.0 = Release|Any CPU
		{C506C2DC-D97B-BF9E-3D27-9FEC055B66B5}.Debug|Any CPU.ActiveCfg = Debug|Any CPU
		{C506C2DC-D97B-BF9E-3D27-9FEC055B66B5}.Debug|Any CPU.Build.0 = Debug|Any CPU
		{C506C2DC-D97B-BF9E-3D27-9FEC055B66B5}.Release|Any CPU.ActiveCfg = Release|Any CPU
		{C506C2DC-D97B-BF9E-3D27-9FEC055B66B5}.Release|Any CPU.Build.0 = Release|Any CPU
		{EB0AFDED-BEF7-B636-D833-0C092B8AD605}.Debug|Any CPU.ActiveCfg = Debug|Any CPU
		{EB0AFDED-BEF7-B636-D833-0C092B8AD605}.Debug|Any CPU.Build.0 = Debug|Any CPU
		{EB0AFDED-BEF7-B636-D833-0C092B8AD605}.Release|Any CPU.ActiveCfg = Release|Any CPU
		{EB0AFDED-BEF7-B636-D833-0C092B8AD605}.Release|Any CPU.Build.0 = Release|Any CPU
		{1394002B-19D8-BC4A-1EE5-B29EF3FD5C09}.Debug|Any CPU.ActiveCfg = Debug|Any CPU
		{1394002B-19D8-BC4A-1EE5-B29EF3FD5C09}.Debug|Any CPU.Build.0 = Debug|Any CPU
		{1394002B-19D8-BC4A-1EE5-B29EF3FD5C09}.Release|Any CPU.ActiveCfg = Release|Any CPU
		{1394002B-19D8-BC4A-1EE5-B29EF3FD5C09}.Release|Any CPU.Build.0 = Release|Any CPU
		{7883C4C4-C1FF-5ED3-8546-1955757DDE93}.Debug|Any CPU.ActiveCfg = Debug|Any CPU
		{7883C4C4-C1FF-5ED3-8546-1955757DDE93}.Debug|Any CPU.Build.0 = Debug|Any CPU
		{7883C4C4-C1FF-5ED3-8546-1955757DDE93}.Release|Any CPU.ActiveCfg = Release|Any CPU
		{7883C4C4-C1FF-5ED3-8546-1955757DDE93}.Release|Any CPU.Build.0 = Release|Any CPU
		{DC419E9A-055C-69D0-E216-0D033416C7E1}.Debug|Any CPU.ActiveCfg = Debug|Any CPU
		{DC419E9A-055C-69D0-E216-0D033416C7E1}.Debug|Any CPU.Build.0 = Debug|Any CPU
		{DC419E9A-055C-69D0-E216-0D033416C7E1}.Release|Any CPU.ActiveCfg = Release|Any CPU
		{DC419E9A-055C-69D0-E216-0D033416C7E1}.Release|Any CPU.Build.0 = Release|Any CPU
		{678DF0B9-11F8-FA58-203E-F19DF7EFCD79}.Debug|Any CPU.ActiveCfg = Debug|Any CPU
		{678DF0B9-11F8-FA58-203E-F19DF7EFCD79}.Debug|Any CPU.Build.0 = Debug|Any CPU
		{678DF0B9-11F8-FA58-203E-F19DF7EFCD79}.Release|Any CPU.ActiveCfg = Release|Any CPU
		{678DF0B9-11F8-FA58-203E-F19DF7EFCD79}.Release|Any CPU.Build.0 = Release|Any CPU
		{E01D665C-B372-0CC9-CEE2-DE519674BAA8}.Debug|Any CPU.ActiveCfg = Debug|Any CPU
		{E01D665C-B372-0CC9-CEE2-DE519674BAA8}.Debug|Any CPU.Build.0 = Debug|Any CPU
		{E01D665C-B372-0CC9-CEE2-DE519674BAA8}.Release|Any CPU.ActiveCfg = Release|Any CPU
		{E01D665C-B372-0CC9-CEE2-DE519674BAA8}.Release|Any CPU.Build.0 = Release|Any CPU
		{86DBC8C2-AF09-B933-31C9-B588BBE7337B}.Debug|Any CPU.ActiveCfg = Debug|Any CPU
		{86DBC8C2-AF09-B933-31C9-B588BBE7337B}.Debug|Any CPU.Build.0 = Debug|Any CPU
		{86DBC8C2-AF09-B933-31C9-B588BBE7337B}.Release|Any CPU.ActiveCfg = Release|Any CPU
		{86DBC8C2-AF09-B933-31C9-B588BBE7337B}.Release|Any CPU.Build.0 = Release|Any CPU
		{78AF2618-C4D6-5AFE-578D-EAB69E13DCF9}.Debug|Any CPU.ActiveCfg = Debug|Any CPU
		{78AF2618-C4D6-5AFE-578D-EAB69E13DCF9}.Debug|Any CPU.Build.0 = Debug|Any CPU
		{78AF2618-C4D6-5AFE-578D-EAB69E13DCF9}.Release|Any CPU.ActiveCfg = Release|Any CPU
		{78AF2618-C4D6-5AFE-578D-EAB69E13DCF9}.Release|Any CPU.Build.0 = Release|Any CPU
		{4B8DDE77-CF15-CEA6-DF5F-CF30F0DC8D8D}.Debug|Any CPU.ActiveCfg = Debug|Any CPU
		{4B8DDE77-CF15-CEA6-DF5F-CF30F0DC8D8D}.Debug|Any CPU.Build.0 = Debug|Any CPU
		{4B8DDE77-CF15-CEA6-DF5F-CF30F0DC8D8D}.Release|Any CPU.ActiveCfg = Release|Any CPU
		{4B8DDE77-CF15-CEA6-DF5F-CF30F0DC8D8D}.Release|Any CPU.Build.0 = Release|Any CPU
		{06416867-64C4-9642-E9C6-5660958D02EC}.Debug|Any CPU.ActiveCfg = Debug|Any CPU
		{06416867-64C4-9642-E9C6-5660958D02EC}.Debug|Any CPU.Build.0 = Debug|Any CPU
		{06416867-64C4-9642-E9C6-5660958D02EC}.Release|Any CPU.ActiveCfg = Release|Any CPU
		{06416867-64C4-9642-E9C6-5660958D02EC}.Release|Any CPU.Build.0 = Release|Any CPU
		{ACF7413B-FBB2-2EA0-AA56-21FCD0165067}.Debug|Any CPU.ActiveCfg = Debug|Any CPU
		{ACF7413B-FBB2-2EA0-AA56-21FCD0165067}.Debug|Any CPU.Build.0 = Debug|Any CPU
		{ACF7413B-FBB2-2EA0-AA56-21FCD0165067}.Release|Any CPU.ActiveCfg = Release|Any CPU
		{ACF7413B-FBB2-2EA0-AA56-21FCD0165067}.Release|Any CPU.Build.0 = Release|Any CPU
		{C1C9E5F5-6167-BDBE-AA25-B445FA49A4BB}.Debug|Any CPU.ActiveCfg = Debug|Any CPU
		{C1C9E5F5-6167-BDBE-AA25-B445FA49A4BB}.Debug|Any CPU.Build.0 = Debug|Any CPU
		{C1C9E5F5-6167-BDBE-AA25-B445FA49A4BB}.Release|Any CPU.ActiveCfg = Release|Any CPU
		{C1C9E5F5-6167-BDBE-AA25-B445FA49A4BB}.Release|Any CPU.Build.0 = Release|Any CPU
		{A60B9150-8125-2A6E-D6DE-31EC83CE6454}.Debug|Any CPU.ActiveCfg = Debug|Any CPU
		{A60B9150-8125-2A6E-D6DE-31EC83CE6454}.Debug|Any CPU.Build.0 = Debug|Any CPU
		{A60B9150-8125-2A6E-D6DE-31EC83CE6454}.Release|Any CPU.ActiveCfg = Release|Any CPU
		{A60B9150-8125-2A6E-D6DE-31EC83CE6454}.Release|Any CPU.Build.0 = Release|Any CPU
		{04AF700B-5AEE-E5AE-23FE-A3160CEB6FE8}.Debug|Any CPU.ActiveCfg = Debug|Any CPU
		{04AF700B-5AEE-E5AE-23FE-A3160CEB6FE8}.Debug|Any CPU.Build.0 = Debug|Any CPU
		{04AF700B-5AEE-E5AE-23FE-A3160CEB6FE8}.Release|Any CPU.ActiveCfg = Release|Any CPU
		{04AF700B-5AEE-E5AE-23FE-A3160CEB6FE8}.Release|Any CPU.Build.0 = Release|Any CPU
		{435F099D-E14D-1C97-D55D-27C1C0580AD1}.Debug|Any CPU.ActiveCfg = Debug|Any CPU
		{435F099D-E14D-1C97-D55D-27C1C0580AD1}.Debug|Any CPU.Build.0 = Debug|Any CPU
		{435F099D-E14D-1C97-D55D-27C1C0580AD1}.Release|Any CPU.ActiveCfg = Release|Any CPU
		{435F099D-E14D-1C97-D55D-27C1C0580AD1}.Release|Any CPU.Build.0 = Release|Any CPU
		{9AF368A5-9D61-81B7-A4A9-CC1E1999D1CC}.Debug|Any CPU.ActiveCfg = Debug|Any CPU
		{9AF368A5-9D61-81B7-A4A9-CC1E1999D1CC}.Debug|Any CPU.Build.0 = Debug|Any CPU
		{9AF368A5-9D61-81B7-A4A9-CC1E1999D1CC}.Release|Any CPU.ActiveCfg = Release|Any CPU
		{9AF368A5-9D61-81B7-A4A9-CC1E1999D1CC}.Release|Any CPU.Build.0 = Release|Any CPU
	EndGlobalSection
	GlobalSection(SolutionProperties) = preSolution
		HideSolutionNode = FALSE
	EndGlobalSection
EndGlobal
